
Microsoft Visual Studio Solution File, Format Version 12.00
# Visual Studio Version 16
VisualStudioVersion = 16.0.29519.87
MinimumVisualStudioVersion = 10.0.40219.1
Project("{FAE04EC0-301F-11D3-BF4B-00C04F79EFBC}") = "WPF_BlackJack", "WPF_BlackJack\WPF_BlackJack.csproj", "{2E836662-16AB-4985-813B-D1E8F56E3170}"
EndProject
Global
	GlobalSection(SolutionConfigurationPlatforms) = preSolution
		Debug|Any CPU = Debug|Any CPU
		Release|Any CPU = Release|Any CPU
	EndGlobalSection
	GlobalSection(ProjectConfigurationPlatforms) = postSolution
		{2E836662-16AB-4985-813B-D1E8F56E3170}.Debug|Any CPU.ActiveCfg = Debug|Any CPU
		{2E836662-16AB-4985-813B-D1E8F56E3170}.Debug|Any CPU.Build.0 = Debug|Any CPU
		{2E836662-16AB-4985-813B-D1E8F56E3170}.Release|Any CPU.ActiveCfg = Release|Any CPU
		{2E836662-16AB-4985-813B-D1E8F56E3170}.Release|Any CPU.Build.0 = Release|Any CPU
	EndGlobalSection
	GlobalSection(SolutionProperties) = preSolution
		HideSolutionNode = FALSE
	EndGlobalSection
	GlobalSection(ExtensibilityGlobals) = postSolution
		SolutionGuid = {4897C5C6-625F-4282-9F3C-43107A14D673}
	EndGlobalSection
EndGlobal
